
Microsoft Visual Studio Solution File, Format Version 12.00
# Visual Studio Version 17
VisualStudioVersion = 17.8.34408.163
MinimumVisualStudioVersion = 10.0.40219.1
Project("{FAE04EC0-301F-11D3-BF4B-00C04F79EFBC}") = "ListaDeMaiores", "ListaDeMaiores.csproj", "{9EE2D748-D0E1-45E6-8CA0-6ED5E3E3C9D5}"
EndProject
Global
	GlobalSection(SolutionConfigurationPlatforms) = preSolution
		Debug|Any CPU = Debug|Any CPU
		Release|Any CPU = Release|Any CPU
	EndGlobalSection
	GlobalSection(ProjectConfigurationPlatforms) = postSolution
		{9EE2D748-D0E1-45E6-8CA0-6ED5E3E3C9D5}.Debug|Any CPU.ActiveCfg = Debug|Any CPU
		{9EE2D748-D0E1-45E6-8CA0-6ED5E3E3C9D5}.Debug|Any CPU.Build.0 = Debug|Any CPU
		{9EE2D748-D0E1-45E6-8CA0-6ED5E3E3C9D5}.Release|Any CPU.ActiveCfg = Release|Any CPU
		{9EE2D748-D0E1-45E6-8CA0-6ED5E3E3C9D5}.Release|Any CPU.Build.0 = Release|Any CPU
	EndGlobalSection
	GlobalSection(SolutionProperties) = preSolution
		HideSolutionNode = FALSE
	EndGlobalSection
	GlobalSection(ExtensibilityGlobals) = postSolution
		SolutionGuid = {D26CD936-F122-4AE8-BD34-39C3E06BFC10}
	EndGlobalSection
EndGlobal
